// !$*UTF8*$!
{
	archiveVersion = 1;
	classes = {
	};
	objectVersion = 77;
	objects = {

/* Begin PBXBuildFile section */
		0506057BDD4632E63D43F28E /* GamePickerView.swift in Sources */ = {isa = PBXBuildFile; fileRef = 8966AEB9CF30914AB1A7AF10 /* GamePickerView.swift */; };
		05ECB1DF90BCD1E3741382AA /* Player.swift in Sources */ = {isa = PBXBuildFile; fileRef = 42DBC23884AC2390655A0683 /* Player.swift */; };
		27DECA09339D1F55FC7C807C /* GameType.swift in Sources */ = {isa = PBXBuildFile; fileRef = 6BC80DE00AFCCD7F60B6281F /* GameType.swift */; };
		316E7D2A734418A2910FC13E /* Round.swift in Sources */ = {isa = PBXBuildFile; fileRef = B9968BF05BB371C6593E1B76 /* Round.swift */; };
		8C0F6D1A2B3C4D5E6F708192 /* SkinsHole.swift in Sources */ = {isa = PBXBuildFile; fileRef = 9D1E2F3A4B5C6D7E8F901234 /* SkinsHole.swift */; };
		A1B2C3D4E5F60718293A4B5C /* SkinsHoleEntryView.swift in Sources */ = {isa = PBXBuildFile; fileRef = B2C3D4E5F60718293A4B5C6D /* SkinsHoleEntryView.swift */; };
		C3D4E5F60718293A4B5C6D7E /* SkinsSummaryView.swift in Sources */ = {isa = PBXBuildFile; fileRef = D4E5F60718293A4B5C6D7E8F /* SkinsSummaryView.swift */; };
		5A217A97B8B2E4486597A7ED /* ContentView.swift in Sources */ = {isa = PBXBuildFile; fileRef = E8A7CD024317540422FD565B /* ContentView.swift */; };
		9690087D380E6B54E8190071 /* AppStore.swift in Sources */ = {isa = PBXBuildFile; fileRef = 50A230AFCE2EB2313453251F /* AppStore.swift */; };
		A5DE6E64DFFFF7ADA722F7E1 /* GolfBetsApp.swift in Sources */ = {isa = PBXBuildFile; fileRef = F1DD005F00884B63BBD70981 /* GolfBetsApp.swift */; };
		EA7B4BE384FAD279FDBDB908 /* SetupView.swift in Sources */ = {isa = PBXBuildFile; fileRef = F56C2EF7C6C9E556BE5D5BB0 /* SetupView.swift */; };
		7F1C3A2B4D5E6F708192A3B4 /* RoundHomeView.swift in Sources */ = {isa = PBXBuildFile; fileRef = 1A2B3C4D5E6F708192A3B4C5 /* RoundHomeView.swift */; };
/* End PBXBuildFile section */

/* Begin PBXFileReference section */
		26ACA0C6894B00A02F350C40 /* GolfBets.app */ = {isa = PBXFileReference; includeInIndex = 0; lastKnownFileType = wrapper.application; path = GolfBets.app; sourceTree = BUILT_PRODUCTS_DIR; };
		42DBC23884AC2390655A0683 /* Player.swift */ = {isa = PBXFileReference; lastKnownFileType = sourcecode.swift; path = Player.swift; sourceTree = "<group>"; };
		50A230AFCE2EB2313453251F /* AppStore.swift */ = {isa = PBXFileReference; lastKnownFileType = sourcecode.swift; path = AppStore.swift; sourceTree = "<group>"; };
		6BC80DE00AFCCD7F60B6281F /* GameType.swift */ = {isa = PBXFileReference; lastKnownFileType = sourcecode.swift; path = GameType.swift; sourceTree = "<group>"; };
		8966AEB9CF30914AB1A7AF10 /* GamePickerView.swift */ = {isa = PBXFileReference; lastKnownFileType = sourcecode.swift; path = GamePickerView.swift; sourceTree = "<group>"; };
		96885E2697D108B21D58FCB1 /* Info.plist */ = {isa = PBXFileReference; lastKnownFileType = text.plist; path = Info.plist; sourceTree = "<group>"; };
		B9968BF05BB371C6593E1B76 /* Round.swift */ = {isa = PBXFileReference; lastKnownFileType = sourcecode.swift; path = Round.swift; sourceTree = "<group>"; };
		9D1E2F3A4B5C6D7E8F901234 /* SkinsHole.swift */ = {isa = PBXFileReference; lastKnownFileType = sourcecode.swift; path = SkinsHole.swift; sourceTree = "<group>"; };
		B2C3D4E5F60718293A4B5C6D /* SkinsHoleEntryView.swift */ = {isa = PBXFileReference; lastKnownFileType = sourcecode.swift; path = SkinsHoleEntryView.swift; sourceTree = "<group>"; };
		D4E5F60718293A4B5C6D7E8F /* SkinsSummaryView.swift */ = {isa = PBXFileReference; lastKnownFileType = sourcecode.swift; path = SkinsSummaryView.swift; sourceTree = "<group>"; };
		E8A7CD024317540422FD565B /* ContentView.swift */ = {isa = PBXFileReference; lastKnownFileType = sourcecode.swift; path = ContentView.swift; sourceTree = "<group>"; };
		F1DD005F00884B63BBD70981 /* GolfBetsApp.swift */ = {isa = PBXFileReference; lastKnownFileType = sourcecode.swift; path = GolfBetsApp.swift; sourceTree = "<group>"; };
		F56C2EF7C6C9E556BE5D5BB0 /* SetupView.swift */ = {isa = PBXFileReference; lastKnownFileType = sourcecode.swift; path = SetupView.swift; sourceTree = "<group>"; };
		1A2B3C4D5E6F708192A3B4C5 /* RoundHomeView.swift */ = {isa = PBXFileReference; lastKnownFileType = sourcecode.swift; path = RoundHomeView.swift; sourceTree = "<group>"; };
/* End PBXFileReference section */

/* Begin PBXGroup section */
		36317CF96C07C73B150EE743 = {
			isa = PBXGroup;
			children = (
				C3491C0DB3F4338D76BD2BE2 /* Sources */,
				51084F348800F1BCEFACCC24 /* Products */,
			);
			sourceTree = "<group>";
		};
		51084F348800F1BCEFACCC24 /* Products */ = {
			isa = PBXGroup;
			children = (
				26ACA0C6894B00A02F350C40 /* GolfBets.app */,
			);
			name = Products;
			sourceTree = "<group>";
		};
		8220360077BDC1A7685C62B2 /* UI */ = {
			isa = PBXGroup;
			children = (
				8966AEB9CF30914AB1A7AF10 /* GamePickerView.swift */,
				F56C2EF7C6C9E556BE5D5BB0 /* SetupView.swift */,
				1A2B3C4D5E6F708192A3B4C5 /* RoundHomeView.swift */,
				B2C3D4E5F60718293A4B5C6D /* SkinsHoleEntryView.swift */,
				D4E5F60718293A4B5C6D7E8F /* SkinsSummaryView.swift */,
			);
			path = UI;
			sourceTree = "<group>";
		};
		C3491C0DB3F4338D76BD2BE2 /* Sources */ = {
			isa = PBXGroup;
			children = (
				E8A7CD024317540422FD565B /* ContentView.swift */,
				F1DD005F00884B63BBD70981 /* GolfBetsApp.swift */,
				96885E2697D108B21D58FCB1 /* Info.plist */,
				FD98FA4D18E372F4D60B53E8 /* Domain */,
				F58CD91558F084D3840C664E /* Store */,
				8220360077BDC1A7685C62B2 /* UI */,
			);
			path = Sources;
			sourceTree = "<group>";
		};
		F58CD91558F084D3840C664E /* Store */ = {
			isa = PBXGroup;
			children = (
				50A230AFCE2EB2313453251F /* AppStore.swift */,
			);
			path = Store;
			sourceTree = "<group>";
		};
		FD98FA4D18E372F4D60B53E8 /* Domain */ = {
			isa = PBXGroup;
			children = (
				6BC80DE00AFCCD7F60B6281F /* GameType.swift */,
				42DBC23884AC2390655A0683 /* Player.swift */,
				B9968BF05BB371C6593E1B76 /* Round.swift */,
				9D1E2F3A4B5C6D7E8F901234 /* SkinsHole.swift */,
			);
			path = Domain;
			sourceTree = "<group>";
		};
/* End PBXGroup section */

/* Begin PBXNativeTarget section */
		B06A2987442012E3276F236B /* GolfBets */ = {
			isa = PBXNativeTarget;
			buildConfigurationList = 62F9FA9ECE4C0A20EE6244AC /* Build configuration list for PBXNativeTarget "GolfBets" */;
			buildPhases = (
				3DC369D994E0985DA38FFC13 /* Sources */,
			);
			buildRules = (
			);
			dependencies = (
			);
			name = GolfBets;
			packageProductDependencies = (
			);
			productName = GolfBets;
			productReference = 26ACA0C6894B00A02F350C40 /* GolfBets.app */;
			productType = "com.apple.product-type.application";
		};
/* End PBXNativeTarget section */

/* Begin PBXProject section */
		8113A3D29921BD8ABAA4E916 /* Project object */ = {
			isa = PBXProject;
			attributes = {
				BuildIndependentTargetsInParallel = YES;
				LastUpgradeCheck = 1620;
			};
			buildConfigurationList = D56AADD4E825722B9F9170BB /* Build configuration list for PBXProject "GolfBets" */;
			compatibilityVersion = "Xcode 14.0";
			developmentRegion = en;
			hasScannedForEncodings = 0;
			knownRegions = (
				Base,
				en,
			);
			mainGroup = 36317CF96C07C73B150EE743;
			minimizedProjectReferenceProxies = 1;
			preferredProjectObjectVersion = 77;
			projectDirPath = "";
			projectRoot = "";
			targets = (
				B06A2987442012E3276F236B /* GolfBets */,
			);
		};
/* End PBXProject section */

/* Begin PBXSourcesBuildPhase section */
		3DC369D994E0985DA38FFC13 /* Sources */ = {
			isa = PBXSourcesBuildPhase;
			buildActionMask = 2147483647;
			files = (
				9690087D380E6B54E8190071 /* AppStore.swift in Sources */,
				5A217A97B8B2E4486597A7ED /* ContentView.swift in Sources */,
				0506057BDD4632E63D43F28E /* GamePickerView.swift in Sources */,
				27DECA09339D1F55FC7C807C /* GameType.swift in Sources */,
				A5DE6E64DFFFF7ADA722F7E1 /* GolfBetsApp.swift in Sources */,
				05ECB1DF90BCD1E3741382AA /* Player.swift in Sources */,
				316E7D2A734418A2910FC13E /* Round.swift in Sources */,
				8C0F6D1A2B3C4D5E6F708192 /* SkinsHole.swift in Sources */,
				EA7B4BE384FAD279FDBDB908 /* SetupView.swift in Sources */,
				7F1C3A2B4D5E6F708192A3B4 /* RoundHomeView.swift in Sources */,
				A1B2C3D4E5F60718293A4B5C /* SkinsHoleEntryView.swift in Sources */,
				C3D4E5F60718293A4B5C6D7E /* SkinsSummaryView.swift in Sources */, 
			);
			runOnlyForDeploymentPostprocessing = 0;
		};
/* End PBXSourcesBuildPhase section */

/* Begin XCBuildConfiguration section */
		60C203D3D9AC3A376F9EC66B /* Release */ = {
			isa = XCBuildConfiguration;
			buildSettings = {
				ALWAYS_SEARCH_USER_PATHS = NO;
				CLANG_ANALYZER_NONNULL = YES;
				CLANG_ANALYZER_NUMBER_OBJECT_CONVERSION = YES_AGGRESSIVE;
				CLANG_CXX_LANGUAGE_STANDARD = "gnu++14";
				CLANG_CXX_LIBRARY = "libc++";
				CLANG_ENABLE_MODULES = YES;
				CLANG_ENABLE_OBJC_ARC = YES;
				CLANG_ENABLE_OBJC_WEAK = YES;
				CLANG_WARN_BLOCK_CAPTURE_AUTORELEASING = YES;
				CLANG_WARN_BOOL_CONVERSION = YES;
				CLANG_WARN_COMMA = YES;
				CLANG_WARN_CONSTANT_CONVERSION = YES;
				CLANG_WARN_DEPRECATED_OBJC_IMPLEMENTATIONS = YES;
				CLANG_WARN_DIRECT_OBJC_ISA_USAGE = YES_ERROR;
				CLANG_WARN_DOCUMENTATION_COMMENTS = YES;
				CLANG_WARN_EMPTY_BODY = YES;
				CLANG_WARN_ENUM_CONVERSION = YES;
				CLANG_WARN_INFINITE_RECURSION = YES;
				CLANG_WARN_INT_CONVERSION = YES;
				CLANG_WARN_NON_LITERAL_NULL_CONVERSION = YES;
				CLANG_WARN_OBJC_IMPLICIT_RETAIN_SELF = YES;
				CLANG_WARN_OBJC_LITERAL_CONVERSION = YES;
				CLANG_WARN_OBJC_ROOT_CLASS = YES_ERROR;
				CLANG_WARN_QUOTED_INCLUDE_IN_FRAMEWORK_HEADER = YES;
				CLANG_WARN_RANGE_LOOP_ANALYSIS = YES;
				CLANG_WARN_STRICT_PROTOTYPES = YES;
				CLANG_WARN_SUSPICIOUS_MOVE = YES;
				CLANG_WARN_UNGUARDED_AVAILABILITY = YES_AGGRESSIVE;
				CLANG_WARN_UNREACHABLE_CODE = YES;
				CLANG_WARN__DUPLICATE_METHOD_MATCH = YES;
				COPY_PHASE_STRIP = NO;
				DEBUG_INFORMATION_FORMAT = "dwarf-with-dsym";
				ENABLE_NS_ASSERTIONS = NO;
				ENABLE_STRICT_OBJC_MSGSEND = YES;
				GCC_C_LANGUAGE_STANDARD = gnu11;
				GCC_NO_COMMON_BLOCKS = YES;
				GCC_WARN_64_TO_32_BIT_CONVERSION = YES;
				GCC_WARN_ABOUT_RETURN_TYPE = YES_ERROR;
				GCC_WARN_UNDECLARED_SELECTOR = YES;
				GCC_WARN_UNINITIALIZED_AUTOS = YES_AGGRESSIVE;
				GCC_WARN_UNUSED_FUNCTION = YES;
				GCC_WARN_UNUSED_VARIABLE = YES;
				IPHONEOS_DEPLOYMENT_TARGET = 17.0;
				MTL_ENABLE_DEBUG_INFO = NO;
				MTL_FAST_MATH = YES;
				PRODUCT_NAME = "$(TARGET_NAME)";
				SDKROOT = iphoneos;
				SWIFT_COMPILATION_MODE = wholemodule;
				SWIFT_OPTIMIZATION_LEVEL = "-O";
				SWIFT_VERSION = 5.0;
			};
			name = Release;
		};
		B38D72C004F430492F855015 /* Release */ = {
			isa = XCBuildConfiguration;
			buildSettings = {
				ASSETCATALOG_COMPILER_APPICON_NAME = AppIcon;
				CODE_SIGN_IDENTITY = "iPhone Developer";
				CURRENT_PROJECT_VERSION = 1;
				ENABLE_PREVIEWS = YES;
				INFOPLIST_FILE = Sources/Info.plist;
				INFOPLIST_KEY_LSApplicationCategoryType = "public.app-category.sports";
				INFOPLIST_KEY_UIApplicationSceneManifest_Generation = YES;
				INFOPLIST_KEY_UILaunchScreen_Generation = YES;
				IPHONEOS_DEPLOYMENT_TARGET = 17.0;
				LD_RUNPATH_SEARCH_PATHS = (
					"$(inherited)",
					"@executable_path/Frameworks",
				);
				MARKETING_VERSION = 0.1.0;
				PRODUCT_BUNDLE_IDENTIFIER = com.shawncheatham.golfbets;
				SDKROOT = iphoneos;
				TARGETED_DEVICE_FAMILY = "1,2";
			};
			name = Release;
		};
		BA405ECC4B3620FA62BCEA4E /* Debug */ = {
			isa = XCBuildConfiguration;
			buildSettings = {
				ASSETCATALOG_COMPILER_APPICON_NAME = AppIcon;
				CODE_SIGN_IDENTITY = "iPhone Developer";
				CURRENT_PROJECT_VERSION = 1;
				ENABLE_PREVIEWS = YES;
				INFOPLIST_FILE = Sources/Info.plist;
				INFOPLIST_KEY_LSApplicationCategoryType = "public.app-category.sports";
				INFOPLIST_KEY_UIApplicationSceneManifest_Generation = YES;
				INFOPLIST_KEY_UILaunchScreen_Generation = YES;
				IPHONEOS_DEPLOYMENT_TARGET = 17.0;
				LD_RUNPATH_SEARCH_PATHS = (
					"$(inherited)",
					"@executable_path/Frameworks",
				);
				MARKETING_VERSION = 0.1.0;
				PRODUCT_BUNDLE_IDENTIFIER = com.shawncheatham.golfbets;
				SDKROOT = iphoneos;
				TARGETED_DEVICE_FAMILY = "1,2";
			};
			name = Debug;
		};
		F87BFE80665519DE4996D047 /* Debug */ = {
			isa = XCBuildConfiguration;
			buildSettings = {
				ALWAYS_SEARCH_USER_PATHS = NO;
				CLANG_ANALYZER_NONNULL = YES;
				CLANG_ANALYZER_NUMBER_OBJECT_CONVERSION = YES_AGGRESSIVE;
				CLANG_CXX_LANGUAGE_STANDARD = "gnu++14";
				CLANG_CXX_LIBRARY = "libc++";
				CLANG_ENABLE_MODULES = YES;
				CLANG_ENABLE_OBJC_ARC = YES;
				CLANG_ENABLE_OBJC_WEAK = YES;
				CLANG_WARN_BLOCK_CAPTURE_AUTORELEASING = YES;
				CLANG_WARN_BOOL_CONVERSION = YES;
				CLANG_WARN_COMMA = YES;
				CLANG_WARN_CONSTANT_CONVERSION = YES;
				CLANG_WARN_DEPRECATED_OBJC_IMPLEMENTATIONS = YES;
				CLANG_WARN_DIRECT_OBJC_ISA_USAGE = YES_ERROR;
				CLANG_WARN_DOCUMENTATION_COMMENTS = YES;
				CLANG_WARN_EMPTY_BODY = YES;
				CLANG_WARN_ENUM_CONVERSION = YES;
				CLANG_WARN_INFINITE_RECURSION = YES;
				CLANG_WARN_INT_CONVERSION = YES;
				CLANG_WARN_NON_LITERAL_NULL_CONVERSION = YES;
				CLANG_WARN_OBJC_IMPLICIT_RETAIN_SELF = YES;
				CLANG_WARN_OBJC_LITERAL_CONVERSION = YES;
				CLANG_WARN_OBJC_ROOT_CLASS = YES_ERROR;
				CLANG_WARN_QUOTED_INCLUDE_IN_FRAMEWORK_HEADER = YES;
				CLANG_WARN_RANGE_LOOP_ANALYSIS = YES;
				CLANG_WARN_STRICT_PROTOTYPES = YES;
				CLANG_WARN_SUSPICIOUS_MOVE = YES;
				CLANG_WARN_UNGUARDED_AVAILABILITY = YES_AGGRESSIVE;
				CLANG_WARN_UNREACHABLE_CODE = YES;
				CLANG_WARN__DUPLICATE_METHOD_MATCH = YES;
				COPY_PHASE_STRIP = NO;
				DEBUG_INFORMATION_FORMAT = dwarf;
				ENABLE_STRICT_OBJC_MSGSEND = YES;
				ENABLE_TESTABILITY = YES;
				GCC_C_LANGUAGE_STANDARD = gnu11;
				GCC_DYNAMIC_NO_PIC = NO;
				GCC_NO_COMMON_BLOCKS = YES;
				GCC_OPTIMIZATION_LEVEL = 0;
				GCC_PREPROCESSOR_DEFINITIONS = (
					"$(inherited)",
					"DEBUG=1",
				);
				GCC_WARN_64_TO_32_BIT_CONVERSION = YES;
				GCC_WARN_ABOUT_RETURN_TYPE = YES_ERROR;
				GCC_WARN_UNDECLARED_SELECTOR = YES;
				GCC_WARN_UNINITIALIZED_AUTOS = YES_AGGRESSIVE;
				GCC_WARN_UNUSED_FUNCTION = YES;
				GCC_WARN_UNUSED_VARIABLE = YES;
				IPHONEOS_DEPLOYMENT_TARGET = 17.0;
				MTL_ENABLE_DEBUG_INFO = INCLUDE_SOURCE;
				MTL_FAST_MATH = YES;
				ONLY_ACTIVE_ARCH = YES;
				PRODUCT_NAME = "$(TARGET_NAME)";
				SDKROOT = iphoneos;
				SWIFT_ACTIVE_COMPILATION_CONDITIONS = DEBUG;
				SWIFT_OPTIMIZATION_LEVEL = "-Onone";
				SWIFT_VERSION = 5.0;
			};
			name = Debug;
		};
/* End XCBuildConfiguration section */

/* Begin XCConfigurationList section */
		62F9FA9ECE4C0A20EE6244AC /* Build configuration list for PBXNativeTarget "GolfBets" */ = {
			isa = XCConfigurationList;
			buildConfigurations = (
				BA405ECC4B3620FA62BCEA4E /* Debug */,
				B38D72C004F430492F855015 /* Release */,
			);
			defaultConfigurationIsVisible = 0;
			defaultConfigurationName = Debug;
		};
		D56AADD4E825722B9F9170BB /* Build configuration list for PBXProject "GolfBets" */ = {
			isa = XCConfigurationList;
			buildConfigurations = (
				F87BFE80665519DE4996D047 /* Debug */,
				60C203D3D9AC3A376F9EC66B /* Release */,
			);
			defaultConfigurationIsVisible = 0;
			defaultConfigurationName = Debug;
		};
/* End XCConfigurationList section */
	};
	rootObject = 8113A3D29921BD8ABAA4E916 /* Project object */;
}
